<?xml version="1.0" encoding="utf-8"?>
<Project ToolsVersion="4.0" xmlns="http://schemas.microsoft.com/developer/msbuild/2003">
  <ItemGroup>
    <ClCompile Include="Source\Level.cpp" />
    <ClCompile Include="Source\GUIButton.cpp" />
    <ClCompile Include="Source\GUIScreen.cpp" />
    <ClCompile Include="Source\LevitationPad.cpp" />
    <ClCompile Include="Source\AICar.cpp" />
    <ClCompile Include="Source\AIWaypoint.cpp" />
    <ClCompile Include="Source\QuadNode.cpp" />
    <ClCompile Include="Source\QuadTree.cpp" />
    <ClCompile Include="Source\Car.cpp" />
    <ClCompile Include="Source\Player.cpp" />
    <ClCompile Include="Source\Cursor.cpp" />
    <ClCompile Include="Source\GUITexture.cpp" />
    <ClCompile Include="Source\IRender.cpp" />
    <ClCompile Include="Source\Collision.cpp" />
    <ClCompile Include="Source\OBB.cpp" />
    <ClCompile Include="Source\GUIText.cpp" />
    <ClCompile Include="Source\GUIFont.cpp" />
    <ClCompile Include="Source\GUIManager.cpp" />
    <ClCompile Include="Source\GUIChar.cpp" />
    <ClCompile Include="Source\ShaderProgram.cpp" />
    <ClCompile Include="Source\shader.cpp" />
    <ClCompile Include="Source\Manager.cpp" />
    <ClCompile Include="Source\Primitive.cpp" />
    <ClCompile Include="Source\Camera.cpp" />
    <ClCompile Include="Source\LightSource.cpp" />
    <ClCompile Include="Source\Primitives.cpp" />
    <ClCompile Include="Source\FreeLookCamera.cpp" />
    <ClCompile Include="Source\SceneA2.cpp" />
    <ClCompile Include="Source\LoadTGA.cpp" />
    <ClCompile Include="Source\Mesh.cpp" />
    <ClCompile Include="Source\Application.cpp" />
    <ClCompile Include="Source\main.cpp" />
    <ClCompile Include="Source\Shop.cpp" />
    <ClCompile Include="Source\ShopNode.cpp" />
    <ClCompile Include="Source\Utility.cpp" />
    <ClCompile Include="Source\Texture.cpp" />
    <ClCompile Include="Source\Transformation.cpp" />
  </ItemGroup>
  <ItemGroup>
    <ClInclude Include="Source\Level.h" />
    <ClInclude Include="Source\GUIScreen.h" />
    <ClInclude Include="Source\LevitationPad.h" />
    <ClInclude Include="Source\Cursor.h" />
    <ClInclude Include="Source\GUIButton.h" />
    <ClInclude Include="Source\GUITexture.h" />
    <ClInclude Include="Source\IRender.h" />
    <ClInclude Include="Source\AICar.h" />
    <ClInclude Include="Source\AIWaypoint.h" />
    <ClInclude Include="Source\QuadNode.h" />
    <ClInclude Include="Source\QuadTree.h" />
    <ClInclude Include="Source\Car.h" />
    <ClInclude Include="Source\Player.h" />
    <ClInclude Include="Source\Collision.h" />
    <ClInclude Include="Source\OBB.h" />
    <ClInclude Include="Source\GUIText.h" />
    <ClInclude Include="Source\GUIFont.h" />
    <ClInclude Include="Source\GUIManager.h" />
    <ClInclude Include="Source\GUIChar.h" />
    <ClInclude Include="Source\ShaderProgram.h" />
    <ClInclude Include="Source\Manager.h" />
    <ClInclude Include="Source\Primitive.h" />
    <ClInclude Include="Source\Camera.h" />
    <ClInclude Include="Source\LightSource.h" />
    <ClInclude Include="Source\Primitives.h" />
    <ClInclude Include="Source\FreeLookCamera.h" />
    <ClInclude Include="Source\SceneA2.h" />
    <ClInclude Include="Source\LoadTGA.h" />
    <ClInclude Include="Source\Light.h" />
    <ClInclude Include="Source\Material.h" />
    <ClInclude Include="Source\Mesh.h" />
    <ClInclude Include="Source\Application.h" />
    <ClInclude Include="Source\Scene.h" />
    <ClInclude Include="Source\shader.hpp" />
    <ClInclude Include="Source\Shop.h" />
    <ClInclude Include="Source\ShopNode.h" />
    <ClInclude Include="Source\Vertex.h" />
    <ClInclude Include="Source\Utility.h" />
    <ClInclude Include="Source\Texture.h" />
    <ClInclude Include="Source\Transformation.h" />
  </ItemGroup>
  <ItemGroup>
    <None Include="Shader\Blending.frag" />
    <None Include="Shader\Text.frag" />
    <None Include="Shader\Text.vert" />
    <None Include="Shader\Texture.vert" />
    <None Include="Shader\UI.frag" />
    <None Include="Shader\UI.vert" />
  </ItemGroup>
  <ItemGroup>
    <Text Include="playerProgress.txt" />
  </ItemGroup>
</Project>